
Microsoft Visual Studio Solution File, Format Version 12.00
# Visual Studio Version 17
VisualStudioVersion = 17.8.34316.72
MinimumVisualStudioVersion = 10.0.40219.1
Project("{FAE04EC0-301F-11D3-BF4B-00C04F79EFBC}") = "TariqWebApi", "TariqWebApi.csproj", "{D5170726-F88A-417F-81F6-B57FB28C38CE}"
EndProject
Global
	GlobalSection(SolutionConfigurationPlatforms) = preSolution
		Debug|Any CPU = Debug|Any CPU
		Release|Any CPU = Release|Any CPU
	EndGlobalSection
	GlobalSection(ProjectConfigurationPlatforms) = postSolution
		{D5170726-F88A-417F-81F6-B57FB28C38CE}.Debug|Any CPU.ActiveCfg = Debug|Any CPU
		{D5170726-F88A-417F-81F6-B57FB28C38CE}.Debug|Any CPU.Build.0 = Debug|Any CPU
		{D5170726-F88A-417F-81F6-B57FB28C38CE}.Release|Any CPU.ActiveCfg = Release|Any CPU
		{D5170726-F88A-417F-81F6-B57FB28C38CE}.Release|Any CPU.Build.0 = Release|Any CPU
	EndGlobalSection
	GlobalSection(SolutionProperties) = preSolution
		HideSolutionNode = FALSE
	EndGlobalSection
	GlobalSection(ExtensibilityGlobals) = postSolution
		SolutionGuid = {BB4575BD-F002-47AF-BB9B-ED0D3DCBCAD1}
	EndGlobalSection
EndGlobal
